
Microsoft Visual Studio Solution File, Format Version 12.00
# Visual Studio Version 16
VisualStudioVersion = 16.0.29519.87
MinimumVisualStudioVersion = 10.0.40219.1
Project("{2150E333-8FDC-42A3-9474-1A3956D46DE8}") = "02. BASE", "02. BASE", "{BE7BF71E-48A0-4F7E-AD2F-53AECD49D7CD}"
EndProject
Project("{2150E333-8FDC-42A3-9474-1A3956D46DE8}") = "03. ENGINE", "03. ENGINE", "{FF190D8D-5F24-4A1C-9041-26CA6A38BF1C}"
EndProject
Project("{2150E333-8FDC-42A3-9474-1A3956D46DE8}") = "01. CLIENT", "01. CLIENT", "{8888E72E-59FA-4830-A284-09AA820521B4}"
EndProject
Project("{2150E333-8FDC-42A3-9474-1A3956D46DE8}") = "04. THIRDPARTY", "04. THIRDPARTY", "{2DBCA83B-A5BB-4A50-AFFD-E6FE24538900}"
EndProject
Project("{8BC9CEB8-8B4A-11D0-8D11-00A0C91BC942}") = "DirectXTex", "ThirdParty\DirectXTex-master\DirectXTex\DirectXTex_Desktop_2019.vcxproj", "{371B9FA9-4C90-4AC6-A123-ACED756D6C77}"
EndProject
Project("{8BC9CEB8-8B4A-11D0-8D11-00A0C91BC942}") = "GAMEBASE", "GAMEBASE\GAMEBASE.vcxproj", "{192D0032-B642-4844-BA22-0F49B7090334}"
EndProject
Project("{8BC9CEB8-8B4A-11D0-8D11-00A0C91BC942}") = "GAMECLIENT", "GAMECLIENT\GAMECLIENT.vcxproj", "{0DEB407E-08BA-4140-A7BD-4F5333F79AB8}"
	ProjectSection(ProjectDependencies) = postProject
		{2854C027-BEE6-4EF3-94A7-49AED77535DB} = {2854C027-BEE6-4EF3-94A7-49AED77535DB}
		{192D0032-B642-4844-BA22-0F49B7090334} = {192D0032-B642-4844-BA22-0F49B7090334}
		{9F8517DE-510D-40FF-90C4-35FF56B03FC1} = {9F8517DE-510D-40FF-90C4-35FF56B03FC1}
	EndProjectSection
EndProject
Project("{8BC9CEB8-8B4A-11D0-8D11-00A0C91BC942}") = "GAMEENGINE", "GAMEENGINE\GAMEENGINE.vcxproj", "{9F8517DE-510D-40FF-90C4-35FF56B03FC1}"
	ProjectSection(ProjectDependencies) = postProject
		{9F62DB07-EA42-4388-82AB-E6FAA371F353} = {9F62DB07-EA42-4388-82AB-E6FAA371F353}
		{192D0032-B642-4844-BA22-0F49B7090334} = {192D0032-B642-4844-BA22-0F49B7090334}
		{371B9FA9-4C90-4AC6-A123-ACED756D6C77} = {371B9FA9-4C90-4AC6-A123-ACED756D6C77}
	EndProjectSection
EndProject
Project("{8BC9CEB8-8B4A-11D0-8D11-00A0C91BC942}") = "GAMELOGIC", "GAMELOGIC\GAMELOGIC.vcxproj", "{2854C027-BEE6-4EF3-94A7-49AED77535DB}"
EndProject
Project("{8BC9CEB8-8B4A-11D0-8D11-00A0C91BC942}") = "SHADER", "SHADER\HSHADER.vcxproj", "{F1F28FF1-3CFA-4F6C-9754-AD195C5789AC}"
EndProject
Project("{8BC9CEB8-8B4A-11D0-8D11-00A0C91BC942}") = "FW1FontWrapper", "THIRDPARTY\FW1FontWrapper-master\FW1FontWrapper\FW1FontWrapper.vcxproj", "{9F62DB07-EA42-4388-82AB-E6FAA371F353}"
EndProject
Global
	GlobalSection(SolutionConfigurationPlatforms) = preSolution
		Debug|x64 = Debug|x64
		Debug|x86 = Debug|x86
		Profile|x64 = Profile|x64
		Profile|x86 = Profile|x86
		Release|x64 = Release|x64
		Release|x86 = Release|x86
	EndGlobalSection
	GlobalSection(ProjectConfigurationPlatforms) = postSolution
		{371B9FA9-4C90-4AC6-A123-ACED756D6C77}.Debug|x64.ActiveCfg = Debug|x64
		{371B9FA9-4C90-4AC6-A123-ACED756D6C77}.Debug|x64.Build.0 = Debug|x64
		{371B9FA9-4C90-4AC6-A123-ACED756D6C77}.Debug|x86.ActiveCfg = Debug|Win32
		{371B9FA9-4C90-4AC6-A123-ACED756D6C77}.Debug|x86.Build.0 = Debug|Win32
		{371B9FA9-4C90-4AC6-A123-ACED756D6C77}.Profile|x64.ActiveCfg = Profile|x64
		{371B9FA9-4C90-4AC6-A123-ACED756D6C77}.Profile|x64.Build.0 = Profile|x64
		{371B9FA9-4C90-4AC6-A123-ACED756D6C77}.Profile|x86.ActiveCfg = Profile|Win32
		{371B9FA9-4C90-4AC6-A123-ACED756D6C77}.Profile|x86.Build.0 = Profile|Win32
		{371B9FA9-4C90-4AC6-A123-ACED756D6C77}.Release|x64.ActiveCfg = Release|x64
		{371B9FA9-4C90-4AC6-A123-ACED756D6C77}.Release|x64.Build.0 = Release|x64
		{371B9FA9-4C90-4AC6-A123-ACED756D6C77}.Release|x86.ActiveCfg = Release|Win32
		{371B9FA9-4C90-4AC6-A123-ACED756D6C77}.Release|x86.Build.0 = Release|Win32
		{192D0032-B642-4844-BA22-0F49B7090334}.Debug|x64.ActiveCfg = Debug|x64
		{192D0032-B642-4844-BA22-0F49B7090334}.Debug|x64.Build.0 = Debug|x64
		{192D0032-B642-4844-BA22-0F49B7090334}.Debug|x86.ActiveCfg = Debug|Win32
		{192D0032-B642-4844-BA22-0F49B7090334}.Debug|x86.Build.0 = Debug|Win32
		{192D0032-B642-4844-BA22-0F49B7090334}.Profile|x64.ActiveCfg = Release|x64
		{192D0032-B642-4844-BA22-0F49B7090334}.Profile|x64.Build.0 = Release|x64
		{192D0032-B642-4844-BA22-0F49B7090334}.Profile|x86.ActiveCfg = Release|Win32
		{192D0032-B642-4844-BA22-0F49B7090334}.Profile|x86.Build.0 = Release|Win32
		{192D0032-B642-4844-BA22-0F49B7090334}.Release|x64.ActiveCfg = Release|x64
		{192D0032-B642-4844-BA22-0F49B7090334}.Release|x64.Build.0 = Release|x64
		{192D0032-B642-4844-BA22-0F49B7090334}.Release|x86.ActiveCfg = Release|Win32
		{192D0032-B642-4844-BA22-0F49B7090334}.Release|x86.Build.0 = Release|Win32
		{0DEB407E-08BA-4140-A7BD-4F5333F79AB8}.Debug|x64.ActiveCfg = Debug|x64
		{0DEB407E-08BA-4140-A7BD-4F5333F79AB8}.Debug|x64.Build.0 = Debug|x64
		{0DEB407E-08BA-4140-A7BD-4F5333F79AB8}.Debug|x86.ActiveCfg = Debug|Win32
		{0DEB407E-08BA-4140-A7BD-4F5333F79AB8}.Debug|x86.Build.0 = Debug|Win32
		{0DEB407E-08BA-4140-A7BD-4F5333F79AB8}.Profile|x64.ActiveCfg = Release|x64
		{0DEB407E-08BA-4140-A7BD-4F5333F79AB8}.Profile|x64.Build.0 = Release|x64
		{0DEB407E-08BA-4140-A7BD-4F5333F79AB8}.Profile|x86.ActiveCfg = Release|Win32
		{0DEB407E-08BA-4140-A7BD-4F5333F79AB8}.Profile|x86.Build.0 = Release|Win32
		{0DEB407E-08BA-4140-A7BD-4F5333F79AB8}.Release|x64.ActiveCfg = Release|x64
		{0DEB407E-08BA-4140-A7BD-4F5333F79AB8}.Release|x64.Build.0 = Release|x64
		{0DEB407E-08BA-4140-A7BD-4F5333F79AB8}.Release|x86.ActiveCfg = Release|Win32
		{0DEB407E-08BA-4140-A7BD-4F5333F79AB8}.Release|x86.Build.0 = Release|Win32
		{9F8517DE-510D-40FF-90C4-35FF56B03FC1}.Debug|x64.ActiveCfg = Debug|x64
		{9F8517DE-510D-40FF-90C4-35FF56B03FC1}.Debug|x64.Build.0 = Debug|x64
		{9F8517DE-510D-40FF-90C4-35FF56B03FC1}.Debug|x86.ActiveCfg = Debug|Win32
		{9F8517DE-510D-40FF-90C4-35FF56B03FC1}.Debug|x86.Build.0 = Debug|Win32
		{9F8517DE-510D-40FF-90C4-35FF56B03FC1}.Profile|x64.ActiveCfg = Release|x64
		{9F8517DE-510D-40FF-90C4-35FF56B03FC1}.Profile|x64.Build.0 = Release|x64
		{9F8517DE-510D-40FF-90C4-35FF56B03FC1}.Profile|x86.ActiveCfg = Release|Win32
		{9F8517DE-510D-40FF-90C4-35FF56B03FC1}.Profile|x86.Build.0 = Release|Win32
		{9F8517DE-510D-40FF-90C4-35FF56B03FC1}.Release|x64.ActiveCfg = Release|x64
		{9F8517DE-510D-40FF-90C4-35FF56B03FC1}.Release|x64.Build.0 = Release|x64
		{9F8517DE-510D-40FF-90C4-35FF56B03FC1}.Release|x86.ActiveCfg = Release|Win32
		{9F8517DE-510D-40FF-90C4-35FF56B03FC1}.Release|x86.Build.0 = Release|Win32
		{2854C027-BEE6-4EF3-94A7-49AED77535DB}.Debug|x64.ActiveCfg = Debug|x64
		{2854C027-BEE6-4EF3-94A7-49AED77535DB}.Debug|x64.Build.0 = Debug|x64
		{2854C027-BEE6-4EF3-94A7-49AED77535DB}.Debug|x86.ActiveCfg = Debug|Win32
		{2854C027-BEE6-4EF3-94A7-49AED77535DB}.Debug|x86.Build.0 = Debug|Win32
		{2854C027-BEE6-4EF3-94A7-49AED77535DB}.Profile|x64.ActiveCfg = Release|x64
		{2854C027-BEE6-4EF3-94A7-49AED77535DB}.Profile|x64.Build.0 = Release|x64
		{2854C027-BEE6-4EF3-94A7-49AED77535DB}.Profile|x86.ActiveCfg = Release|Win32
		{2854C027-BEE6-4EF3-94A7-49AED77535DB}.Profile|x86.Build.0 = Release|Win32
		{2854C027-BEE6-4EF3-94A7-49AED77535DB}.Release|x64.ActiveCfg = Release|x64
		{2854C027-BEE6-4EF3-94A7-49AED77535DB}.Release|x64.Build.0 = Release|x64
		{2854C027-BEE6-4EF3-94A7-49AED77535DB}.Release|x86.ActiveCfg = Release|Win32
		{2854C027-BEE6-4EF3-94A7-49AED77535DB}.Release|x86.Build.0 = Release|Win32
		{F1F28FF1-3CFA-4F6C-9754-AD195C5789AC}.Debug|x64.ActiveCfg = Debug|x64
		{F1F28FF1-3CFA-4F6C-9754-AD195C5789AC}.Debug|x64.Build.0 = Debug|x64
		{F1F28FF1-3CFA-4F6C-9754-AD195C5789AC}.Debug|x86.ActiveCfg = Debug|Win32
		{F1F28FF1-3CFA-4F6C-9754-AD195C5789AC}.Debug|x86.Build.0 = Debug|Win32
		{F1F28FF1-3CFA-4F6C-9754-AD195C5789AC}.Profile|x64.ActiveCfg = Release|x64
		{F1F28FF1-3CFA-4F6C-9754-AD195C5789AC}.Profile|x64.Build.0 = Release|x64
		{F1F28FF1-3CFA-4F6C-9754-AD195C5789AC}.Profile|x86.ActiveCfg = Release|Win32
		{F1F28FF1-3CFA-4F6C-9754-AD195C5789AC}.Profile|x86.Build.0 = Release|Win32
		{F1F28FF1-3CFA-4F6C-9754-AD195C5789AC}.Release|x64.ActiveCfg = Release|x64
		{F1F28FF1-3CFA-4F6C-9754-AD195C5789AC}.Release|x64.Build.0 = Release|x64
		{F1F28FF1-3CFA-4F6C-9754-AD195C5789AC}.Release|x86.ActiveCfg = Release|Win32
		{F1F28FF1-3CFA-4F6C-9754-AD195C5789AC}.Release|x86.Build.0 = Release|Win32
		{9F62DB07-EA42-4388-82AB-E6FAA371F353}.Debug|x64.ActiveCfg = Debug|x64
		{9F62DB07-EA42-4388-82AB-E6FAA371F353}.Debug|x64.Build.0 = Debug|x64
		{9F62DB07-EA42-4388-82AB-E6FAA371F353}.Debug|x86.ActiveCfg = Debug|Win32
		{9F62DB07-EA42-4388-82AB-E6FAA371F353}.Debug|x86.Build.0 = Debug|Win32
		{9F62DB07-EA42-4388-82AB-E6FAA371F353}.Profile|x64.ActiveCfg = Release|x64
		{9F62DB07-EA42-4388-82AB-E6FAA371F353}.Profile|x64.Build.0 = Release|x64
		{9F62DB07-EA42-4388-82AB-E6FAA371F353}.Profile|x86.ActiveCfg = Release|Win32
		{9F62DB07-EA42-4388-82AB-E6FAA371F353}.Profile|x86.Build.0 = Release|Win32
		{9F62DB07-EA42-4388-82AB-E6FAA371F353}.Release|x64.ActiveCfg = Release|x64
		{9F62DB07-EA42-4388-82AB-E6FAA371F353}.Release|x64.Build.0 = Release|x64
		{9F62DB07-EA42-4388-82AB-E6FAA371F353}.Release|x86.ActiveCfg = Release|Win32
		{9F62DB07-EA42-4388-82AB-E6FAA371F353}.Release|x86.Build.0 = Release|Win32
	EndGlobalSection
	GlobalSection(SolutionProperties) = preSolution
		HideSolutionNode = FALSE
	EndGlobalSection
	GlobalSection(NestedProjects) = preSolution
		{371B9FA9-4C90-4AC6-A123-ACED756D6C77} = {2DBCA83B-A5BB-4A50-AFFD-E6FE24538900}
		{192D0032-B642-4844-BA22-0F49B7090334} = {BE7BF71E-48A0-4F7E-AD2F-53AECD49D7CD}
		{0DEB407E-08BA-4140-A7BD-4F5333F79AB8} = {8888E72E-59FA-4830-A284-09AA820521B4}
		{9F8517DE-510D-40FF-90C4-35FF56B03FC1} = {FF190D8D-5F24-4A1C-9041-26CA6A38BF1C}
		{2854C027-BEE6-4EF3-94A7-49AED77535DB} = {FF190D8D-5F24-4A1C-9041-26CA6A38BF1C}
		{F1F28FF1-3CFA-4F6C-9754-AD195C5789AC} = {FF190D8D-5F24-4A1C-9041-26CA6A38BF1C}
		{9F62DB07-EA42-4388-82AB-E6FAA371F353} = {2DBCA83B-A5BB-4A50-AFFD-E6FE24538900}
	EndGlobalSection
	GlobalSection(ExtensibilityGlobals) = postSolution
		SolutionGuid = {A285F2A9-AA0D-486F-8DB6-C612A6DAB374}
	EndGlobalSection
EndGlobal
